{
  "version": 4,
  "terraform_version": "1.4.6",
  "serial": 3,
  "lineage": "8bce88d3-e475-0321-dca4-6438893462c6",
  "outputs": {},
  "resources": [
    {
      "mode": "managed",
      "type": "oci_identity_compartment",
      "name": "tf-compartment",
      "provider": "provider[\"registry.terraform.io/hashicorp/oci\"]",
      "instances": [
        {
          "schema_version": 0,
          "attributes": {
            "compartment_id": "ocid1.tenancy.oc1..aaaaaaaadbs6vkmvt6tcu5ndwabml7q3b6lh34i27yw6a74ahmsmd57lotva",
            "defined_tags": {
              "Oracle-Tags.CreatedBy": "default/mv.victor1@hotmail.com",
              "Oracle-Tags.CreatedOn": "2023-05-17T02:12:17.851Z"
            },
            "description": "Compartment for Terraform resources.",
            "enable_delete": null,
            "freeform_tags": {},
            "id": "ocid1.compartment.oc1..aaaaaaaaeji7lmv6yrejwphcmajsuq5vabnrwpf474nctns5wu3pgsgyxukq",
            "inactive_state": null,
            "is_accessible": true,
            "name": "terraform-test",
            "state": "ACTIVE",
            "time_created": "2023-05-17 02:12:17.975 +0000 UTC",
            "timeouts": null
          },
          "sensitive_attributes": [],
          "private": "eyJlMmJmYjczMC1lY2FhLTExZTYtOGY4OC0zNDM2M2JjN2M0YzAiOnsiZGVsZXRlIjo1NDAwMDAwMDAwMDAwfX0="
        }
      ]
    }
  ],
  "check_results": null
}
