{
  "version": 4,
  "terraform_version": "1.4.6",
  "serial": 44,
  "lineage": "b4b31ee9-b06e-0251-1bc5-70f82025f07a",
  "outputs": {},
  "resources": [
    {
      "mode": "managed",
      "type": "oci_core_security_list",
      "name": "private-security-list",
      "provider": "provider[\"registry.terraform.io/hashicorp/oci\"]",
      "instances": [
        {
          "schema_version": 0,
          "attributes": {
            "compartment_id": "ocid1.compartment.oc1..aaaaaaaaeji7lmv6yrejwphcmajsuq5vabnrwpf474nctns5wu3pgsgyxukq",
            "defined_tags": {
              "Oracle-Tags.CreatedBy": "default/mv.victor1@hotmail.com",
              "Oracle-Tags.CreatedOn": "2023-05-17T02:39:26.702Z"
            },
            "display_name": "security-list-for-private-subnet",
            "egress_security_rules": [],
            "freeform_tags": {},
            "id": "ocid1.securitylist.oc1.sa-vinhedo-1.aaaaaaaaq6423hfa2csblqv34cmw4vmshgtdflybvuqiz35ag6yb2hjrnioa",
            "ingress_security_rules": [],
            "state": "AVAILABLE",
            "time_created": "2023-05-17 02:39:26.734 +0000 UTC",
            "timeouts": null,
            "vcn_id": "ocid1.vcn.oc1.sa-vinhedo-1.amaaaaaatoavucyaixb6a7gkbckwkaodzbeetbi4fzfysvlprw22g4ldri4q"
          },
          "sensitive_attributes": [],
          "private": "eyJlMmJmYjczMC1lY2FhLTExZTYtOGY4OC0zNDM2M2JjN2M0YzAiOnsiY3JlYXRlIjoxMjAwMDAwMDAwMDAwLCJkZWxldGUiOjEyMDAwMDAwMDAwMDAsInVwZGF0ZSI6MTIwMDAwMDAwMDAwMH19",
          "dependencies": [
            "module.vcn.oci_core_vcn.vcn"
          ]
        }
      ]
    },
    {
      "mode": "managed",
      "type": "oci_core_security_list",
      "name": "public-security-list",
      "provider": "provider[\"registry.terraform.io/hashicorp/oci\"]",
      "instances": [
        {
          "schema_version": 0,
          "attributes": {
            "compartment_id": "ocid1.compartment.oc1..aaaaaaaaeji7lmv6yrejwphcmajsuq5vabnrwpf474nctns5wu3pgsgyxukq",
            "defined_tags": {
              "Oracle-Tags.CreatedBy": "default/mv.victor1@hotmail.com",
              "Oracle-Tags.CreatedOn": "2023-05-17T02:39:26.679Z"
            },
            "display_name": "security-list-for-public-subnet",
            "egress_security_rules": [],
            "freeform_tags": {},
            "id": "ocid1.securitylist.oc1.sa-vinhedo-1.aaaaaaaabf5knsemzbh5pgdjw3dhqqyc65jhmsx5mwht66bqe2mjjceu7bia",
            "ingress_security_rules": [],
            "state": "AVAILABLE",
            "time_created": "2023-05-17 02:39:26.709 +0000 UTC",
            "timeouts": null,
            "vcn_id": "ocid1.vcn.oc1.sa-vinhedo-1.amaaaaaatoavucyaixb6a7gkbckwkaodzbeetbi4fzfysvlprw22g4ldri4q"
          },
          "sensitive_attributes": [],
          "private": "eyJlMmJmYjczMC1lY2FhLTExZTYtOGY4OC0zNDM2M2JjN2M0YzAiOnsiY3JlYXRlIjoxMjAwMDAwMDAwMDAwLCJkZWxldGUiOjEyMDAwMDAwMDAwMDAsInVwZGF0ZSI6MTIwMDAwMDAwMDAwMH19",
          "dependencies": [
            "module.vcn.oci_core_vcn.vcn"
          ]
        }
      ]
    },
    {
      "mode": "managed",
      "type": "oci_core_subnet",
      "name": "vcn-database-subnet",
      "provider": "provider[\"registry.terraform.io/hashicorp/oci\"]",
      "instances": [
        {
          "schema_version": 0,
          "attributes": {
            "availability_domain": null,
            "cidr_block": "10.3.3.0/24",
            "compartment_id": "ocid1.compartment.oc1..aaaaaaaaeji7lmv6yrejwphcmajsuq5vabnrwpf474nctns5wu3pgsgyxukq",
            "defined_tags": {
              "Oracle-Tags.CreatedBy": "default/mv.victor1@hotmail.com",
              "Oracle-Tags.CreatedOn": "2023-05-17T02:41:44.856Z"
            },
            "dhcp_options_id": "ocid1.dhcpoptions.oc1.sa-vinhedo-1.aaaaaaaarfvhc3hr4ikanl4dvyetzmocwdo6ljnw3zh2gl6ev6hvvwuwtz2a",
            "display_name": "database-subnet",
            "dns_label": null,
            "freeform_tags": {},
            "id": "ocid1.subnet.oc1.sa-vinhedo-1.aaaaaaaacselprqf5azedcgnt5az2grkajndr66uwu4aiq4pfg55v7u5y3nq",
            "ipv6cidr_block": null,
            "ipv6cidr_blocks": [],
            "ipv6virtual_router_ip": null,
            "prohibit_internet_ingress": false,
            "prohibit_public_ip_on_vnic": false,
            "route_table_id": "ocid1.routetable.oc1.sa-vinhedo-1.aaaaaaaahcdbltgmccl5i2bhp6hcuxpa6vbdmrjmhtxcoelgsogwsyxx5heq",
            "security_list_ids": [
              "ocid1.securitylist.oc1.sa-vinhedo-1.aaaaaaaaq6423hfa2csblqv34cmw4vmshgtdflybvuqiz35ag6yb2hjrnioa"
            ],
            "state": "AVAILABLE",
            "subnet_domain_name": null,
            "time_created": "2023-05-17 02:41:44.907 +0000 UTC",
            "timeouts": null,
            "vcn_id": "ocid1.vcn.oc1.sa-vinhedo-1.amaaaaaatoavucyaixb6a7gkbckwkaodzbeetbi4fzfysvlprw22g4ldri4q",
            "virtual_router_ip": "10.3.3.1",
            "virtual_router_mac": "00:00:17:1F:45:D6"
          },
          "sensitive_attributes": [],
          "private": "eyJlMmJmYjczMC1lY2FhLTExZTYtOGY4OC0zNDM2M2JjN2M0YzAiOnsiY3JlYXRlIjoxMjAwMDAwMDAwMDAwLCJkZWxldGUiOjEyMDAwMDAwMDAwMDAsInVwZGF0ZSI6MTIwMDAwMDAwMDAwMH19",
          "dependencies": [
            "module.vcn.oci_core_route_table.nat",
            "module.vcn.oci_core_vcn.vcn",
            "oci_core_security_list.private-security-list"
          ]
        }
      ]
    },
    {
      "mode": "managed",
      "type": "oci_core_subnet",
      "name": "vcn-private-subnet",
      "provider": "provider[\"registry.terraform.io/hashicorp/oci\"]",
      "instances": [
        {
          "schema_version": 0,
          "attributes": {
            "availability_domain": null,
            "cidr_block": "10.3.1.0/24",
            "compartment_id": "ocid1.compartment.oc1..aaaaaaaaeji7lmv6yrejwphcmajsuq5vabnrwpf474nctns5wu3pgsgyxukq",
            "defined_tags": {
              "Oracle-Tags.CreatedBy": "default/mv.victor1@hotmail.com",
              "Oracle-Tags.CreatedOn": "2023-05-17T02:39:28.763Z"
            },
            "dhcp_options_id": "ocid1.dhcpoptions.oc1.sa-vinhedo-1.aaaaaaaarfvhc3hr4ikanl4dvyetzmocwdo6ljnw3zh2gl6ev6hvvwuwtz2a",
            "display_name": "private-subnet",
            "dns_label": null,
            "freeform_tags": {},
            "id": "ocid1.subnet.oc1.sa-vinhedo-1.aaaaaaaayzvydbt7woq4mm2spnrrsc7vdiqvjftfid3jfoa67cbwbfqif4gq",
            "ipv6cidr_block": null,
            "ipv6cidr_blocks": [],
            "ipv6virtual_router_ip": null,
            "prohibit_internet_ingress": false,
            "prohibit_public_ip_on_vnic": false,
            "route_table_id": "ocid1.routetable.oc1.sa-vinhedo-1.aaaaaaaahcdbltgmccl5i2bhp6hcuxpa6vbdmrjmhtxcoelgsogwsyxx5heq",
            "security_list_ids": [
              "ocid1.securitylist.oc1.sa-vinhedo-1.aaaaaaaaq6423hfa2csblqv34cmw4vmshgtdflybvuqiz35ag6yb2hjrnioa"
            ],
            "state": "AVAILABLE",
            "subnet_domain_name": null,
            "time_created": "2023-05-17 02:39:28.82 +0000 UTC",
            "timeouts": null,
            "vcn_id": "ocid1.vcn.oc1.sa-vinhedo-1.amaaaaaatoavucyaixb6a7gkbckwkaodzbeetbi4fzfysvlprw22g4ldri4q",
            "virtual_router_ip": "10.3.1.1",
            "virtual_router_mac": "00:00:17:1F:45:D6"
          },
          "sensitive_attributes": [],
          "private": "eyJlMmJmYjczMC1lY2FhLTExZTYtOGY4OC0zNDM2M2JjN2M0YzAiOnsiY3JlYXRlIjoxMjAwMDAwMDAwMDAwLCJkZWxldGUiOjEyMDAwMDAwMDAwMDAsInVwZGF0ZSI6MTIwMDAwMDAwMDAwMH19",
          "dependencies": [
            "module.vcn.data.oci_core_services.all_oci_services",
            "module.vcn.module.drg_from_vcn_module.oci_core_drg.drg",
            "module.vcn.oci_core_nat_gateway.nat_gateway",
            "module.vcn.oci_core_route_table.nat",
            "module.vcn.oci_core_service_gateway.service_gateway",
            "module.vcn.oci_core_vcn.vcn",
            "oci_core_security_list.private-security-list"
          ]
        }
      ]
    },
    {
      "mode": "managed",
      "type": "oci_core_subnet",
      "name": "vcn-public-subnet",
      "provider": "provider[\"registry.terraform.io/hashicorp/oci\"]",
      "instances": [
        {
          "schema_version": 0,
          "attributes": {
            "availability_domain": null,
            "cidr_block": "10.3.2.0/24",
            "compartment_id": "ocid1.compartment.oc1..aaaaaaaaeji7lmv6yrejwphcmajsuq5vabnrwpf474nctns5wu3pgsgyxukq",
            "defined_tags": {
              "Oracle-Tags.CreatedBy": "default/mv.victor1@hotmail.com",
              "Oracle-Tags.CreatedOn": "2023-05-17T02:39:27.920Z"
            },
            "dhcp_options_id": "ocid1.dhcpoptions.oc1.sa-vinhedo-1.aaaaaaaarfvhc3hr4ikanl4dvyetzmocwdo6ljnw3zh2gl6ev6hvvwuwtz2a",
            "display_name": "public-subnet",
            "dns_label": null,
            "freeform_tags": {},
            "id": "ocid1.subnet.oc1.sa-vinhedo-1.aaaaaaaa56j267bdwx4yiplg2ynbnhen25pyzi2zujvez34mihnzmjlc5eca",
            "ipv6cidr_block": null,
            "ipv6cidr_blocks": [],
            "ipv6virtual_router_ip": null,
            "prohibit_internet_ingress": false,
            "prohibit_public_ip_on_vnic": false,
            "route_table_id": "ocid1.routetable.oc1.sa-vinhedo-1.aaaaaaaavxaldajta27ottjtv2svrmliql64ovxoevuiksprymj6oqezu77a",
            "security_list_ids": [
              "ocid1.securitylist.oc1.sa-vinhedo-1.aaaaaaaabf5knsemzbh5pgdjw3dhqqyc65jhmsx5mwht66bqe2mjjceu7bia"
            ],
            "state": "AVAILABLE",
            "subnet_domain_name": null,
            "time_created": "2023-05-17 02:39:27.977 +0000 UTC",
            "timeouts": null,
            "vcn_id": "ocid1.vcn.oc1.sa-vinhedo-1.amaaaaaatoavucyaixb6a7gkbckwkaodzbeetbi4fzfysvlprw22g4ldri4q",
            "virtual_router_ip": "10.3.2.1",
            "virtual_router_mac": "00:00:17:1F:45:D6"
          },
          "sensitive_attributes": [],
          "private": "eyJlMmJmYjczMC1lY2FhLTExZTYtOGY4OC0zNDM2M2JjN2M0YzAiOnsiY3JlYXRlIjoxMjAwMDAwMDAwMDAwLCJkZWxldGUiOjEyMDAwMDAwMDAwMDAsInVwZGF0ZSI6MTIwMDAwMDAwMDAwMH19",
          "dependencies": [
            "module.vcn.module.drg_from_vcn_module.oci_core_drg.drg",
            "module.vcn.oci_core_internet_gateway.ig",
            "module.vcn.oci_core_route_table.ig",
            "module.vcn.oci_core_vcn.vcn",
            "oci_core_security_list.public-security-list"
          ]
        }
      ]
    },
    {
      "module": "module.vcn",
      "mode": "data",
      "type": "oci_core_services",
      "name": "all_oci_services",
      "provider": "provider[\"registry.terraform.io/hashicorp/oci\"]",
      "instances": [
        {
          "index_key": 0,
          "schema_version": 0,
          "attributes": {
            "filter": [
              {
                "name": "name",
                "regex": true,
                "values": [
                  "All .* Services In Oracle Services Network"
                ]
              }
            ],
            "id": "CoreServicesDataSource-0",
            "services": [
              {
                "cidr_block": "all-vcp-services-in-oracle-services-network",
                "description": "All VCP Services In Oracle Services Network",
                "id": "ocid1.service.oc1.sa-vinhedo-1.aaaaaaaadzl3y4qjqsqqcbrbyhdp7vprgufxtxgt6kxmjhwd2smv76dleewq",
                "name": "All VCP Services In Oracle Services Network"
              }
            ]
          },
          "sensitive_attributes": []
        }
      ]
    },
    {
      "module": "module.vcn",
      "mode": "managed",
      "type": "oci_core_default_security_list",
      "name": "lockdown",
      "provider": "provider[\"registry.terraform.io/hashicorp/oci\"]",
      "instances": [
        {
          "index_key": 0,
          "schema_version": 0,
          "attributes": {
            "compartment_id": "ocid1.compartment.oc1..aaaaaaaaeji7lmv6yrejwphcmajsuq5vabnrwpf474nctns5wu3pgsgyxukq",
            "defined_tags": {
              "Oracle-Tags.CreatedBy": "default/mv.victor1@hotmail.com",
              "Oracle-Tags.CreatedOn": "2023-05-17T02:39:25.814Z"
            },
            "display_name": "Default Security List for vcn-terraform",
            "egress_security_rules": [],
            "freeform_tags": {
              "module": "oracle-terraform-modules/vcn/oci",
              "terraformed": "Please do not edit manually"
            },
            "id": "ocid1.securitylist.oc1.sa-vinhedo-1.aaaaaaaa7vb4xpdfrsb4dyq2yspp5icgfwzjd3qijkbsvzskj7rao2vvt5pa",
            "ingress_security_rules": [],
            "manage_default_resource_id": "ocid1.securitylist.oc1.sa-vinhedo-1.aaaaaaaa7vb4xpdfrsb4dyq2yspp5icgfwzjd3qijkbsvzskj7rao2vvt5pa",
            "state": "AVAILABLE",
            "time_created": "2023-05-17 02:39:25.942 +0000 UTC",
            "timeouts": null
          },
          "sensitive_attributes": [],
          "private": "eyJlMmJmYjczMC1lY2FhLTExZTYtOGY4OC0zNDM2M2JjN2M0YzAiOnsiY3JlYXRlIjoxMjAwMDAwMDAwMDAwLCJkZWxldGUiOjEyMDAwMDAwMDAwMDAsInVwZGF0ZSI6MTIwMDAwMDAwMDAwMH19",
          "dependencies": [
            "module.vcn.oci_core_vcn.vcn"
          ]
        }
      ]
    },
    {
      "module": "module.vcn",
      "mode": "managed",
      "type": "oci_core_internet_gateway",
      "name": "ig",
      "provider": "provider[\"registry.terraform.io/hashicorp/oci\"]",
      "instances": [
        {
          "index_key": 0,
          "schema_version": 0,
          "attributes": {
            "compartment_id": "ocid1.compartment.oc1..aaaaaaaaeji7lmv6yrejwphcmajsuq5vabnrwpf474nctns5wu3pgsgyxukq",
            "defined_tags": {
              "Oracle-Tags.CreatedBy": "default/mv.victor1@hotmail.com",
              "Oracle-Tags.CreatedOn": "2023-05-17T02:39:26.799Z"
            },
            "display_name": "internet-gateway",
            "enabled": true,
            "freeform_tags": {
              "module": "oracle-terraform-modules/vcn/oci",
              "terraformed": "Please do not edit manually"
            },
            "id": "ocid1.internetgateway.oc1.sa-vinhedo-1.aaaaaaaash7wigkuyw5ylfwqbontnqvsdxiv6dmdvrrchvuaog4guqkxgshq",
            "route_table_id": null,
            "state": "AVAILABLE",
            "time_created": "2023-05-17 02:39:26.838 +0000 UTC",
            "timeouts": null,
            "vcn_id": "ocid1.vcn.oc1.sa-vinhedo-1.amaaaaaatoavucyaixb6a7gkbckwkaodzbeetbi4fzfysvlprw22g4ldri4q"
          },
          "sensitive_attributes": [],
          "private": "eyJlMmJmYjczMC1lY2FhLTExZTYtOGY4OC0zNDM2M2JjN2M0YzAiOnsiY3JlYXRlIjoxMjAwMDAwMDAwMDAwLCJkZWxldGUiOjEyMDAwMDAwMDAwMDAsInVwZGF0ZSI6MTIwMDAwMDAwMDAwMH19",
          "dependencies": [
            "module.vcn.oci_core_vcn.vcn"
          ]
        }
      ]
    },
    {
      "module": "module.vcn",
      "mode": "managed",
      "type": "oci_core_nat_gateway",
      "name": "nat_gateway",
      "provider": "provider[\"registry.terraform.io/hashicorp/oci\"]",
      "instances": [
        {
          "index_key": 0,
          "schema_version": 0,
          "attributes": {
            "block_traffic": false,
            "compartment_id": "ocid1.compartment.oc1..aaaaaaaaeji7lmv6yrejwphcmajsuq5vabnrwpf474nctns5wu3pgsgyxukq",
            "defined_tags": {
              "Oracle-Tags.CreatedBy": "default/mv.victor1@hotmail.com",
              "Oracle-Tags.CreatedOn": "2023-05-17T02:39:26.511Z"
            },
            "display_name": "nat-gateway",
            "freeform_tags": {
              "module": "oracle-terraform-modules/vcn/oci",
              "terraformed": "Please do not edit manually"
            },
            "id": "ocid1.natgateway.oc1.sa-vinhedo-1.aaaaaaaaokuymmghvzkbzyjcreaut4btlfdjtgppps4zdnazrg6p5pzp253a",
            "nat_ip": "134.65.30.188",
            "public_ip_id": "ocid1.publicip.oc1.sa-vinhedo-1.aaaaaaaatcjq6yzgoqqwreembxlruppsdvhma25nt4iw6ak4luzz66jzkeaa",
            "route_table_id": null,
            "state": "AVAILABLE",
            "time_created": "2023-05-17 02:39:26.856 +0000 UTC",
            "timeouts": null,
            "vcn_id": "ocid1.vcn.oc1.sa-vinhedo-1.amaaaaaatoavucyaixb6a7gkbckwkaodzbeetbi4fzfysvlprw22g4ldri4q"
          },
          "sensitive_attributes": [],
          "private": "eyJlMmJmYjczMC1lY2FhLTExZTYtOGY4OC0zNDM2M2JjN2M0YzAiOnsiY3JlYXRlIjoxMjAwMDAwMDAwMDAwLCJkZWxldGUiOjEyMDAwMDAwMDAwMDAsInVwZGF0ZSI6MTIwMDAwMDAwMDAwMH19",
          "dependencies": [
            "module.vcn.oci_core_vcn.vcn"
          ]
        }
      ]
    },
    {
      "module": "module.vcn",
      "mode": "managed",
      "type": "oci_core_route_table",
      "name": "ig",
      "provider": "provider[\"registry.terraform.io/hashicorp/oci\"]",
      "instances": [
        {
          "index_key": 0,
          "schema_version": 0,
          "attributes": {
            "compartment_id": "ocid1.compartment.oc1..aaaaaaaaeji7lmv6yrejwphcmajsuq5vabnrwpf474nctns5wu3pgsgyxukq",
            "defined_tags": {
              "Oracle-Tags.CreatedBy": "default/mv.victor1@hotmail.com",
              "Oracle-Tags.CreatedOn": "2023-05-17T02:39:27.433Z"
            },
            "display_name": "internet-route",
            "freeform_tags": {
              "module": "oracle-terraform-modules/vcn/oci",
              "terraformed": "Please do not edit manually"
            },
            "id": "ocid1.routetable.oc1.sa-vinhedo-1.aaaaaaaavxaldajta27ottjtv2svrmliql64ovxoevuiksprymj6oqezu77a",
            "route_rules": [
              {
                "cidr_block": "",
                "description": "Terraformed - Auto-generated at Internet Gateway creation: Internet Gateway as default gateway",
                "destination": "0.0.0.0/0",
                "destination_type": "CIDR_BLOCK",
                "network_entity_id": "ocid1.internetgateway.oc1.sa-vinhedo-1.aaaaaaaash7wigkuyw5ylfwqbontnqvsdxiv6dmdvrrchvuaog4guqkxgshq",
                "route_type": ""
              }
            ],
            "state": "AVAILABLE",
            "time_created": "2023-05-17 02:39:27.453 +0000 UTC",
            "timeouts": null,
            "vcn_id": "ocid1.vcn.oc1.sa-vinhedo-1.amaaaaaatoavucyaixb6a7gkbckwkaodzbeetbi4fzfysvlprw22g4ldri4q"
          },
          "sensitive_attributes": [],
          "private": "eyJlMmJmYjczMC1lY2FhLTExZTYtOGY4OC0zNDM2M2JjN2M0YzAiOnsiY3JlYXRlIjoxMjAwMDAwMDAwMDAwLCJkZWxldGUiOjEyMDAwMDAwMDAwMDAsInVwZGF0ZSI6MTIwMDAwMDAwMDAwMH19",
          "dependencies": [
            "module.vcn.module.drg_from_vcn_module.oci_core_drg.drg",
            "module.vcn.oci_core_internet_gateway.ig",
            "module.vcn.oci_core_vcn.vcn"
          ]
        }
      ]
    },
    {
      "module": "module.vcn",
      "mode": "managed",
      "type": "oci_core_route_table",
      "name": "nat",
      "provider": "provider[\"registry.terraform.io/hashicorp/oci\"]",
      "instances": [
        {
          "index_key": 0,
          "schema_version": 0,
          "attributes": {
            "compartment_id": "ocid1.compartment.oc1..aaaaaaaaeji7lmv6yrejwphcmajsuq5vabnrwpf474nctns5wu3pgsgyxukq",
            "defined_tags": {
              "Oracle-Tags.CreatedBy": "default/mv.victor1@hotmail.com",
              "Oracle-Tags.CreatedOn": "2023-05-17T02:39:28.219Z"
            },
            "display_name": "nat-route",
            "freeform_tags": {
              "module": "oracle-terraform-modules/vcn/oci",
              "terraformed": "Please do not edit manually"
            },
            "id": "ocid1.routetable.oc1.sa-vinhedo-1.aaaaaaaahcdbltgmccl5i2bhp6hcuxpa6vbdmrjmhtxcoelgsogwsyxx5heq",
            "route_rules": [
              {
                "cidr_block": "",
                "description": "Terraformed - Auto-generated at NAT Gateway creation: NAT Gateway as default gateway",
                "destination": "0.0.0.0/0",
                "destination_type": "CIDR_BLOCK",
                "network_entity_id": "ocid1.natgateway.oc1.sa-vinhedo-1.aaaaaaaaokuymmghvzkbzyjcreaut4btlfdjtgppps4zdnazrg6p5pzp253a",
                "route_type": ""
              },
              {
                "cidr_block": "",
                "description": "Terraformed - Auto-generated at Service Gateway creation: All Services in region to Service Gateway",
                "destination": "all-vcp-services-in-oracle-services-network",
                "destination_type": "SERVICE_CIDR_BLOCK",
                "network_entity_id": "ocid1.servicegateway.oc1.sa-vinhedo-1.aaaaaaaamcmhziu4wrc2kthukr23rh7enekpawzjh2y5t2sjjboqpw6ovsfa",
                "route_type": ""
              }
            ],
            "state": "AVAILABLE",
            "time_created": "2023-05-17 02:39:28.257 +0000 UTC",
            "timeouts": null,
            "vcn_id": "ocid1.vcn.oc1.sa-vinhedo-1.amaaaaaatoavucyaixb6a7gkbckwkaodzbeetbi4fzfysvlprw22g4ldri4q"
          },
          "sensitive_attributes": [],
          "private": "eyJlMmJmYjczMC1lY2FhLTExZTYtOGY4OC0zNDM2M2JjN2M0YzAiOnsiY3JlYXRlIjoxMjAwMDAwMDAwMDAwLCJkZWxldGUiOjEyMDAwMDAwMDAwMDAsInVwZGF0ZSI6MTIwMDAwMDAwMDAwMH19",
          "dependencies": [
            "module.vcn.data.oci_core_services.all_oci_services",
            "module.vcn.module.drg_from_vcn_module.oci_core_drg.drg",
            "module.vcn.oci_core_nat_gateway.nat_gateway",
            "module.vcn.oci_core_service_gateway.service_gateway",
            "module.vcn.oci_core_vcn.vcn"
          ]
        }
      ]
    },
    {
      "module": "module.vcn",
      "mode": "managed",
      "type": "oci_core_service_gateway",
      "name": "service_gateway",
      "provider": "provider[\"registry.terraform.io/hashicorp/oci\"]",
      "instances": [
        {
          "index_key": 0,
          "schema_version": 0,
          "attributes": {
            "block_traffic": false,
            "compartment_id": "ocid1.compartment.oc1..aaaaaaaaeji7lmv6yrejwphcmajsuq5vabnrwpf474nctns5wu3pgsgyxukq",
            "defined_tags": {
              "Oracle-Tags.CreatedBy": "default/mv.victor1@hotmail.com",
              "Oracle-Tags.CreatedOn": "2023-05-17T02:39:26.662Z"
            },
            "display_name": "service-gateway",
            "freeform_tags": {
              "module": "oracle-terraform-modules/vcn/oci",
              "terraformed": "Please do not edit manually"
            },
            "id": "ocid1.servicegateway.oc1.sa-vinhedo-1.aaaaaaaamcmhziu4wrc2kthukr23rh7enekpawzjh2y5t2sjjboqpw6ovsfa",
            "route_table_id": null,
            "services": [
              {
                "service_id": "ocid1.service.oc1.sa-vinhedo-1.aaaaaaaadzl3y4qjqsqqcbrbyhdp7vprgufxtxgt6kxmjhwd2smv76dleewq",
                "service_name": "All VCP Services In Oracle Services Network"
              }
            ],
            "state": "AVAILABLE",
            "time_created": "2023-05-17 02:39:27.209 +0000 UTC",
            "timeouts": null,
            "vcn_id": "ocid1.vcn.oc1.sa-vinhedo-1.amaaaaaatoavucyaixb6a7gkbckwkaodzbeetbi4fzfysvlprw22g4ldri4q"
          },
          "sensitive_attributes": [],
          "private": "eyJlMmJmYjczMC1lY2FhLTExZTYtOGY4OC0zNDM2M2JjN2M0YzAiOnsiY3JlYXRlIjoxMjAwMDAwMDAwMDAwLCJkZWxldGUiOjEyMDAwMDAwMDAwMDAsInVwZGF0ZSI6MTIwMDAwMDAwMDAwMH19",
          "dependencies": [
            "module.vcn.data.oci_core_services.all_oci_services",
            "module.vcn.oci_core_vcn.vcn"
          ]
        }
      ]
    },
    {
      "module": "module.vcn",
      "mode": "managed",
      "type": "oci_core_vcn",
      "name": "vcn",
      "provider": "provider[\"registry.terraform.io/hashicorp/oci\"]",
      "instances": [
        {
          "schema_version": 0,
          "attributes": {
            "byoipv6cidr_blocks": [],
            "byoipv6cidr_details": [],
            "cidr_block": "10.3.0.0/16",
            "cidr_blocks": [
              "10.3.0.0/16"
            ],
            "compartment_id": "ocid1.compartment.oc1..aaaaaaaaeji7lmv6yrejwphcmajsuq5vabnrwpf474nctns5wu3pgsgyxukq",
            "default_dhcp_options_id": "ocid1.dhcpoptions.oc1.sa-vinhedo-1.aaaaaaaarfvhc3hr4ikanl4dvyetzmocwdo6ljnw3zh2gl6ev6hvvwuwtz2a",
            "default_route_table_id": "ocid1.routetable.oc1.sa-vinhedo-1.aaaaaaaa32i5rc5yt4ab5rcpdcf2spazxivlco3d4w53ysk6hzt4abecz7ea",
            "default_security_list_id": "ocid1.securitylist.oc1.sa-vinhedo-1.aaaaaaaa7vb4xpdfrsb4dyq2yspp5icgfwzjd3qijkbsvzskj7rao2vvt5pa",
            "defined_tags": {
              "Oracle-Tags.CreatedBy": "default/mv.victor1@hotmail.com",
              "Oracle-Tags.CreatedOn": "2023-05-17T02:39:25.814Z"
            },
            "display_name": "vcn-terraform",
            "dns_label": "vcnterraform",
            "freeform_tags": {
              "module": "oracle-terraform-modules/vcn/oci",
              "terraformed": "Please do not edit manually"
            },
            "id": "ocid1.vcn.oc1.sa-vinhedo-1.amaaaaaatoavucyaixb6a7gkbckwkaodzbeetbi4fzfysvlprw22g4ldri4q",
            "ipv6cidr_blocks": [],
            "ipv6private_cidr_blocks": [],
            "is_ipv6enabled": false,
            "is_oracle_gua_allocation_enabled": null,
            "state": "AVAILABLE",
            "time_created": "2023-05-17 02:39:25.942 +0000 UTC",
            "timeouts": null,
            "vcn_domain_name": "vcnterraform.oraclevcn.com"
          },
          "sensitive_attributes": [],
          "private": "eyJlMmJmYjczMC1lY2FhLTExZTYtOGY4OC0zNDM2M2JjN2M0YzAiOnsiY3JlYXRlIjoxMjAwMDAwMDAwMDAwLCJkZWxldGUiOjEyMDAwMDAwMDAwMDAsInVwZGF0ZSI6MTIwMDAwMDAwMDAwMH19"
        }
      ]
    }
  ],
  "check_results": null
}
