{
  "version": 4,
  "terraform_version": "1.4.6",
  "serial": 14,
  "lineage": "b4b31ee9-b06e-0251-1bc5-70f82025f07a",
  "outputs": {},
  "resources": [
    {
      "mode": "managed",
      "type": "oci_core_security_list",
      "name": "private-security-list",
      "provider": "provider[\"registry.terraform.io/hashicorp/oci\"]",
      "instances": [
        {
          "schema_version": 0,
          "attributes": {
            "compartment_id": "ocid1.compartment.oc1..aaaaaaaaeji7lmv6yrejwphcmajsuq5vabnrwpf474nctns5wu3pgsgyxukq",
            "defined_tags": {
              "Oracle-Tags.CreatedBy": "default/mv.victor1@hotmail.com",
              "Oracle-Tags.CreatedOn": "2023-05-17T02:29:21.365Z"
            },
            "display_name": "security-list-for-private-subnet",
            "egress_security_rules": [],
            "freeform_tags": {},
            "id": "ocid1.securitylist.oc1.sa-vinhedo-1.aaaaaaaahmjyvxjude3yluzzqh5tex33jfliqsc7fyxiud5o5evc5mgxqgxa",
            "ingress_security_rules": [],
            "state": "AVAILABLE",
            "time_created": "2023-05-17 02:29:21.415 +0000 UTC",
            "timeouts": null,
            "vcn_id": "ocid1.vcn.oc1.sa-vinhedo-1.amaaaaaatoavucyajcunnt3g4r4agmenfldzfyvw5yqqfniyaboj3diyfwlq"
          },
          "sensitive_attributes": [],
          "private": "eyJlMmJmYjczMC1lY2FhLTExZTYtOGY4OC0zNDM2M2JjN2M0YzAiOnsiY3JlYXRlIjoxMjAwMDAwMDAwMDAwLCJkZWxldGUiOjEyMDAwMDAwMDAwMDAsInVwZGF0ZSI6MTIwMDAwMDAwMDAwMH19",
          "dependencies": [
            "module.vcn.oci_core_vcn.vcn"
          ]
        }
      ]
    },
    {
      "mode": "managed",
      "type": "oci_core_security_list",
      "name": "public-security-list",
      "provider": "provider[\"registry.terraform.io/hashicorp/oci\"]",
      "instances": [
        {
          "schema_version": 0,
          "attributes": {
            "compartment_id": "ocid1.compartment.oc1..aaaaaaaaeji7lmv6yrejwphcmajsuq5vabnrwpf474nctns5wu3pgsgyxukq",
            "defined_tags": {
              "Oracle-Tags.CreatedBy": "default/mv.victor1@hotmail.com",
              "Oracle-Tags.CreatedOn": "2023-05-17T02:29:21.367Z"
            },
            "display_name": "security-list-for-public-subnet",
            "egress_security_rules": [],
            "freeform_tags": {},
            "id": "ocid1.securitylist.oc1.sa-vinhedo-1.aaaaaaaa665z3fiyz3ksbbf3ejaq56dt6roqyby4xsrxjo4mvuobrt4suabq",
            "ingress_security_rules": [],
            "state": "AVAILABLE",
            "time_created": "2023-05-17 02:29:21.398 +0000 UTC",
            "timeouts": null,
            "vcn_id": "ocid1.vcn.oc1.sa-vinhedo-1.amaaaaaatoavucyajcunnt3g4r4agmenfldzfyvw5yqqfniyaboj3diyfwlq"
          },
          "sensitive_attributes": [],
          "private": "eyJlMmJmYjczMC1lY2FhLTExZTYtOGY4OC0zNDM2M2JjN2M0YzAiOnsiY3JlYXRlIjoxMjAwMDAwMDAwMDAwLCJkZWxldGUiOjEyMDAwMDAwMDAwMDAsInVwZGF0ZSI6MTIwMDAwMDAwMDAwMH19",
          "dependencies": [
            "module.vcn.oci_core_vcn.vcn"
          ]
        }
      ]
    },
    {
      "mode": "managed",
      "type": "oci_core_subnet",
      "name": "vcn-private-subnet",
      "provider": "provider[\"registry.terraform.io/hashicorp/oci\"]",
      "instances": [
        {
          "schema_version": 0,
          "attributes": {
            "availability_domain": null,
            "cidr_block": "10.3.1.0/24",
            "compartment_id": "ocid1.compartment.oc1..aaaaaaaaeji7lmv6yrejwphcmajsuq5vabnrwpf474nctns5wu3pgsgyxukq",
            "defined_tags": {
              "Oracle-Tags.CreatedBy": "default/mv.victor1@hotmail.com",
              "Oracle-Tags.CreatedOn": "2023-05-17T02:29:23.578Z"
            },
            "dhcp_options_id": "ocid1.dhcpoptions.oc1.sa-vinhedo-1.aaaaaaaayw2jrfkwbgzvxu4vgbz4cnqtnytfxaz4iyses56ym5y3x76iuh3q",
            "display_name": "private-subnet",
            "dns_label": null,
            "freeform_tags": {},
            "id": "ocid1.subnet.oc1.sa-vinhedo-1.aaaaaaaaq6bpbbf6bgwothpktofdnbj4dm2uup2wx263siyfaz2qyisdjina",
            "ipv6cidr_block": null,
            "ipv6cidr_blocks": [],
            "ipv6virtual_router_ip": null,
            "prohibit_internet_ingress": false,
            "prohibit_public_ip_on_vnic": false,
            "route_table_id": "ocid1.routetable.oc1.sa-vinhedo-1.aaaaaaaauek26uqn6oys2seabmlqiwdmwi72b4lcbopvvxurw3dgsvf7wika",
            "security_list_ids": [
              "ocid1.securitylist.oc1.sa-vinhedo-1.aaaaaaaahmjyvxjude3yluzzqh5tex33jfliqsc7fyxiud5o5evc5mgxqgxa"
            ],
            "state": "AVAILABLE",
            "subnet_domain_name": null,
            "time_created": "2023-05-17 02:29:23.626 +0000 UTC",
            "timeouts": null,
            "vcn_id": "ocid1.vcn.oc1.sa-vinhedo-1.amaaaaaatoavucyajcunnt3g4r4agmenfldzfyvw5yqqfniyaboj3diyfwlq",
            "virtual_router_ip": "10.3.1.1",
            "virtual_router_mac": "00:00:17:29:1D:4C"
          },
          "sensitive_attributes": [],
          "private": "eyJlMmJmYjczMC1lY2FhLTExZTYtOGY4OC0zNDM2M2JjN2M0YzAiOnsiY3JlYXRlIjoxMjAwMDAwMDAwMDAwLCJkZWxldGUiOjEyMDAwMDAwMDAwMDAsInVwZGF0ZSI6MTIwMDAwMDAwMDAwMH19",
          "dependencies": [
            "module.vcn.data.oci_core_services.all_oci_services",
            "module.vcn.module.drg_from_vcn_module.oci_core_drg.drg",
            "module.vcn.oci_core_nat_gateway.nat_gateway",
            "module.vcn.oci_core_route_table.nat",
            "module.vcn.oci_core_service_gateway.service_gateway",
            "module.vcn.oci_core_vcn.vcn",
            "oci_core_security_list.private-security-list"
          ]
        }
      ]
    },
    {
      "module": "module.vcn",
      "mode": "data",
      "type": "oci_core_services",
      "name": "all_oci_services",
      "provider": "provider[\"registry.terraform.io/hashicorp/oci\"]",
      "instances": [
        {
          "index_key": 0,
          "schema_version": 0,
          "attributes": {
            "filter": [
              {
                "name": "name",
                "regex": true,
                "values": [
                  "All .* Services In Oracle Services Network"
                ]
              }
            ],
            "id": "CoreServicesDataSource-0",
            "services": [
              {
                "cidr_block": "all-vcp-services-in-oracle-services-network",
                "description": "All VCP Services In Oracle Services Network",
                "id": "ocid1.service.oc1.sa-vinhedo-1.aaaaaaaadzl3y4qjqsqqcbrbyhdp7vprgufxtxgt6kxmjhwd2smv76dleewq",
                "name": "All VCP Services In Oracle Services Network"
              }
            ]
          },
          "sensitive_attributes": []
        }
      ]
    },
    {
      "module": "module.vcn",
      "mode": "managed",
      "type": "oci_core_default_security_list",
      "name": "lockdown",
      "provider": "provider[\"registry.terraform.io/hashicorp/oci\"]",
      "instances": [
        {
          "index_key": 0,
          "schema_version": 0,
          "attributes": {
            "compartment_id": "ocid1.compartment.oc1..aaaaaaaaeji7lmv6yrejwphcmajsuq5vabnrwpf474nctns5wu3pgsgyxukq",
            "defined_tags": {
              "Oracle-Tags.CreatedBy": "default/mv.victor1@hotmail.com",
              "Oracle-Tags.CreatedOn": "2023-05-17T02:29:20.450Z"
            },
            "display_name": "Default Security List for vcn-terraform",
            "egress_security_rules": [],
            "freeform_tags": {
              "module": "oracle-terraform-modules/vcn/oci",
              "terraformed": "Please do not edit manually"
            },
            "id": "ocid1.securitylist.oc1.sa-vinhedo-1.aaaaaaaarxfkpvhucdr5isibk36g23aifxallwg5jenzcydaafc5ufangkzq",
            "ingress_security_rules": [],
            "manage_default_resource_id": "ocid1.securitylist.oc1.sa-vinhedo-1.aaaaaaaarxfkpvhucdr5isibk36g23aifxallwg5jenzcydaafc5ufangkzq",
            "state": "AVAILABLE",
            "time_created": "2023-05-17 02:29:20.581 +0000 UTC",
            "timeouts": null
          },
          "sensitive_attributes": [],
          "private": "eyJlMmJmYjczMC1lY2FhLTExZTYtOGY4OC0zNDM2M2JjN2M0YzAiOnsiY3JlYXRlIjoxMjAwMDAwMDAwMDAwLCJkZWxldGUiOjEyMDAwMDAwMDAwMDAsInVwZGF0ZSI6MTIwMDAwMDAwMDAwMH19",
          "dependencies": [
            "module.vcn.oci_core_vcn.vcn"
          ]
        }
      ]
    },
    {
      "module": "module.vcn",
      "mode": "managed",
      "type": "oci_core_internet_gateway",
      "name": "ig",
      "provider": "provider[\"registry.terraform.io/hashicorp/oci\"]",
      "instances": [
        {
          "index_key": 0,
          "schema_version": 0,
          "attributes": {
            "compartment_id": "ocid1.compartment.oc1..aaaaaaaaeji7lmv6yrejwphcmajsuq5vabnrwpf474nctns5wu3pgsgyxukq",
            "defined_tags": {
              "Oracle-Tags.CreatedBy": "default/mv.victor1@hotmail.com",
              "Oracle-Tags.CreatedOn": "2023-05-17T02:29:21.384Z"
            },
            "display_name": "internet-gateway",
            "enabled": true,
            "freeform_tags": {
              "module": "oracle-terraform-modules/vcn/oci",
              "terraformed": "Please do not edit manually"
            },
            "id": "ocid1.internetgateway.oc1.sa-vinhedo-1.aaaaaaaa3mhrgsjkryo63ubm55qyvim5hgngrjhbij3lsndw4gd2y3bq2ddq",
            "route_table_id": null,
            "state": "AVAILABLE",
            "time_created": "2023-05-17 02:29:21.429 +0000 UTC",
            "timeouts": null,
            "vcn_id": "ocid1.vcn.oc1.sa-vinhedo-1.amaaaaaatoavucyajcunnt3g4r4agmenfldzfyvw5yqqfniyaboj3diyfwlq"
          },
          "sensitive_attributes": [],
          "private": "eyJlMmJmYjczMC1lY2FhLTExZTYtOGY4OC0zNDM2M2JjN2M0YzAiOnsiY3JlYXRlIjoxMjAwMDAwMDAwMDAwLCJkZWxldGUiOjEyMDAwMDAwMDAwMDAsInVwZGF0ZSI6MTIwMDAwMDAwMDAwMH19",
          "dependencies": [
            "module.vcn.oci_core_vcn.vcn"
          ]
        }
      ]
    },
    {
      "module": "module.vcn",
      "mode": "managed",
      "type": "oci_core_nat_gateway",
      "name": "nat_gateway",
      "provider": "provider[\"registry.terraform.io/hashicorp/oci\"]",
      "instances": [
        {
          "index_key": 0,
          "schema_version": 0,
          "attributes": {
            "block_traffic": false,
            "compartment_id": "ocid1.compartment.oc1..aaaaaaaaeji7lmv6yrejwphcmajsuq5vabnrwpf474nctns5wu3pgsgyxukq",
            "defined_tags": {
              "Oracle-Tags.CreatedBy": "default/mv.victor1@hotmail.com",
              "Oracle-Tags.CreatedOn": "2023-05-17T02:29:21.234Z"
            },
            "display_name": "nat-gateway",
            "freeform_tags": {
              "module": "oracle-terraform-modules/vcn/oci",
              "terraformed": "Please do not edit manually"
            },
            "id": "ocid1.natgateway.oc1.sa-vinhedo-1.aaaaaaaav2bhm3zh6fkwqnri5dpegsczg3twgxqbprjnya676v53kvxrjbsq",
            "nat_ip": "134.65.234.99",
            "public_ip_id": "ocid1.publicip.oc1.sa-vinhedo-1.aaaaaaaafyhfjcguponwzaphpji6ubapty3vkaodl6ehljwff662qyinwuda",
            "route_table_id": null,
            "state": "AVAILABLE",
            "time_created": "2023-05-17 02:29:21.593 +0000 UTC",
            "timeouts": null,
            "vcn_id": "ocid1.vcn.oc1.sa-vinhedo-1.amaaaaaatoavucyajcunnt3g4r4agmenfldzfyvw5yqqfniyaboj3diyfwlq"
          },
          "sensitive_attributes": [],
          "private": "eyJlMmJmYjczMC1lY2FhLTExZTYtOGY4OC0zNDM2M2JjN2M0YzAiOnsiY3JlYXRlIjoxMjAwMDAwMDAwMDAwLCJkZWxldGUiOjEyMDAwMDAwMDAwMDAsInVwZGF0ZSI6MTIwMDAwMDAwMDAwMH19",
          "dependencies": [
            "module.vcn.oci_core_vcn.vcn"
          ]
        }
      ]
    },
    {
      "module": "module.vcn",
      "mode": "managed",
      "type": "oci_core_route_table",
      "name": "ig",
      "provider": "provider[\"registry.terraform.io/hashicorp/oci\"]",
      "instances": [
        {
          "index_key": 0,
          "schema_version": 0,
          "attributes": {
            "compartment_id": "ocid1.compartment.oc1..aaaaaaaaeji7lmv6yrejwphcmajsuq5vabnrwpf474nctns5wu3pgsgyxukq",
            "defined_tags": {
              "Oracle-Tags.CreatedBy": "default/mv.victor1@hotmail.com",
              "Oracle-Tags.CreatedOn": "2023-05-17T02:29:22.021Z"
            },
            "display_name": "internet-route",
            "freeform_tags": {
              "module": "oracle-terraform-modules/vcn/oci",
              "terraformed": "Please do not edit manually"
            },
            "id": "ocid1.routetable.oc1.sa-vinhedo-1.aaaaaaaa5r2zm4vm7kv5dznmywkqgaeuowd5krrrdbto7wdtwlhkxcmplt3q",
            "route_rules": [
              {
                "cidr_block": "",
                "description": "Terraformed - Auto-generated at Internet Gateway creation: Internet Gateway as default gateway",
                "destination": "0.0.0.0/0",
                "destination_type": "CIDR_BLOCK",
                "network_entity_id": "ocid1.internetgateway.oc1.sa-vinhedo-1.aaaaaaaa3mhrgsjkryo63ubm55qyvim5hgngrjhbij3lsndw4gd2y3bq2ddq",
                "route_type": ""
              }
            ],
            "state": "AVAILABLE",
            "time_created": "2023-05-17 02:29:22.042 +0000 UTC",
            "timeouts": null,
            "vcn_id": "ocid1.vcn.oc1.sa-vinhedo-1.amaaaaaatoavucyajcunnt3g4r4agmenfldzfyvw5yqqfniyaboj3diyfwlq"
          },
          "sensitive_attributes": [],
          "private": "eyJlMmJmYjczMC1lY2FhLTExZTYtOGY4OC0zNDM2M2JjN2M0YzAiOnsiY3JlYXRlIjoxMjAwMDAwMDAwMDAwLCJkZWxldGUiOjEyMDAwMDAwMDAwMDAsInVwZGF0ZSI6MTIwMDAwMDAwMDAwMH19",
          "dependencies": [
            "module.vcn.module.drg_from_vcn_module.oci_core_drg.drg",
            "module.vcn.oci_core_internet_gateway.ig",
            "module.vcn.oci_core_vcn.vcn"
          ]
        }
      ]
    },
    {
      "module": "module.vcn",
      "mode": "managed",
      "type": "oci_core_route_table",
      "name": "nat",
      "provider": "provider[\"registry.terraform.io/hashicorp/oci\"]",
      "instances": [
        {
          "index_key": 0,
          "schema_version": 0,
          "attributes": {
            "compartment_id": "ocid1.compartment.oc1..aaaaaaaaeji7lmv6yrejwphcmajsuq5vabnrwpf474nctns5wu3pgsgyxukq",
            "defined_tags": {
              "Oracle-Tags.CreatedBy": "default/mv.victor1@hotmail.com",
              "Oracle-Tags.CreatedOn": "2023-05-17T02:29:22.988Z"
            },
            "display_name": "nat-route",
            "freeform_tags": {
              "module": "oracle-terraform-modules/vcn/oci",
              "terraformed": "Please do not edit manually"
            },
            "id": "ocid1.routetable.oc1.sa-vinhedo-1.aaaaaaaauek26uqn6oys2seabmlqiwdmwi72b4lcbopvvxurw3dgsvf7wika",
            "route_rules": [
              {
                "cidr_block": "",
                "description": "Terraformed - Auto-generated at NAT Gateway creation: NAT Gateway as default gateway",
                "destination": "0.0.0.0/0",
                "destination_type": "CIDR_BLOCK",
                "network_entity_id": "ocid1.natgateway.oc1.sa-vinhedo-1.aaaaaaaav2bhm3zh6fkwqnri5dpegsczg3twgxqbprjnya676v53kvxrjbsq",
                "route_type": ""
              },
              {
                "cidr_block": "",
                "description": "Terraformed - Auto-generated at Service Gateway creation: All Services in region to Service Gateway",
                "destination": "all-vcp-services-in-oracle-services-network",
                "destination_type": "SERVICE_CIDR_BLOCK",
                "network_entity_id": "ocid1.servicegateway.oc1.sa-vinhedo-1.aaaaaaaafzzxivkzkc56jex4xewsudblv44tyeeqhjawe6gmpdkoqdlp7yqa",
                "route_type": ""
              }
            ],
            "state": "AVAILABLE",
            "time_created": "2023-05-17 02:29:23.031 +0000 UTC",
            "timeouts": null,
            "vcn_id": "ocid1.vcn.oc1.sa-vinhedo-1.amaaaaaatoavucyajcunnt3g4r4agmenfldzfyvw5yqqfniyaboj3diyfwlq"
          },
          "sensitive_attributes": [],
          "private": "eyJlMmJmYjczMC1lY2FhLTExZTYtOGY4OC0zNDM2M2JjN2M0YzAiOnsiY3JlYXRlIjoxMjAwMDAwMDAwMDAwLCJkZWxldGUiOjEyMDAwMDAwMDAwMDAsInVwZGF0ZSI6MTIwMDAwMDAwMDAwMH19",
          "dependencies": [
            "module.vcn.data.oci_core_services.all_oci_services",
            "module.vcn.module.drg_from_vcn_module.oci_core_drg.drg",
            "module.vcn.oci_core_nat_gateway.nat_gateway",
            "module.vcn.oci_core_service_gateway.service_gateway",
            "module.vcn.oci_core_vcn.vcn"
          ]
        }
      ]
    },
    {
      "module": "module.vcn",
      "mode": "managed",
      "type": "oci_core_service_gateway",
      "name": "service_gateway",
      "provider": "provider[\"registry.terraform.io/hashicorp/oci\"]",
      "instances": [
        {
          "index_key": 0,
          "schema_version": 0,
          "attributes": {
            "block_traffic": false,
            "compartment_id": "ocid1.compartment.oc1..aaaaaaaaeji7lmv6yrejwphcmajsuq5vabnrwpf474nctns5wu3pgsgyxukq",
            "defined_tags": {
              "Oracle-Tags.CreatedBy": "default/mv.victor1@hotmail.com",
              "Oracle-Tags.CreatedOn": "2023-05-17T02:29:21.376Z"
            },
            "display_name": "service-gateway",
            "freeform_tags": {
              "module": "oracle-terraform-modules/vcn/oci",
              "terraformed": "Please do not edit manually"
            },
            "id": "ocid1.servicegateway.oc1.sa-vinhedo-1.aaaaaaaafzzxivkzkc56jex4xewsudblv44tyeeqhjawe6gmpdkoqdlp7yqa",
            "route_table_id": null,
            "services": [
              {
                "service_id": "ocid1.service.oc1.sa-vinhedo-1.aaaaaaaadzl3y4qjqsqqcbrbyhdp7vprgufxtxgt6kxmjhwd2smv76dleewq",
                "service_name": "All VCP Services In Oracle Services Network"
              }
            ],
            "state": "AVAILABLE",
            "time_created": "2023-05-17 02:29:21.92 +0000 UTC",
            "timeouts": null,
            "vcn_id": "ocid1.vcn.oc1.sa-vinhedo-1.amaaaaaatoavucyajcunnt3g4r4agmenfldzfyvw5yqqfniyaboj3diyfwlq"
          },
          "sensitive_attributes": [],
          "private": "eyJlMmJmYjczMC1lY2FhLTExZTYtOGY4OC0zNDM2M2JjN2M0YzAiOnsiY3JlYXRlIjoxMjAwMDAwMDAwMDAwLCJkZWxldGUiOjEyMDAwMDAwMDAwMDAsInVwZGF0ZSI6MTIwMDAwMDAwMDAwMH19",
          "dependencies": [
            "module.vcn.data.oci_core_services.all_oci_services",
            "module.vcn.oci_core_vcn.vcn"
          ]
        }
      ]
    },
    {
      "module": "module.vcn",
      "mode": "managed",
      "type": "oci_core_vcn",
      "name": "vcn",
      "provider": "provider[\"registry.terraform.io/hashicorp/oci\"]",
      "instances": [
        {
          "schema_version": 0,
          "attributes": {
            "byoipv6cidr_blocks": [],
            "byoipv6cidr_details": [],
            "cidr_block": "10.3.0.0/16",
            "cidr_blocks": [
              "10.3.0.0/16"
            ],
            "compartment_id": "ocid1.compartment.oc1..aaaaaaaaeji7lmv6yrejwphcmajsuq5vabnrwpf474nctns5wu3pgsgyxukq",
            "default_dhcp_options_id": "ocid1.dhcpoptions.oc1.sa-vinhedo-1.aaaaaaaayw2jrfkwbgzvxu4vgbz4cnqtnytfxaz4iyses56ym5y3x76iuh3q",
            "default_route_table_id": "ocid1.routetable.oc1.sa-vinhedo-1.aaaaaaaagxfoxdc4lthfj3wpioeibcirxlcrvnh6q6wfposfbgslf5ienceq",
            "default_security_list_id": "ocid1.securitylist.oc1.sa-vinhedo-1.aaaaaaaarxfkpvhucdr5isibk36g23aifxallwg5jenzcydaafc5ufangkzq",
            "defined_tags": {
              "Oracle-Tags.CreatedBy": "default/mv.victor1@hotmail.com",
              "Oracle-Tags.CreatedOn": "2023-05-17T02:29:20.450Z"
            },
            "display_name": "vcn-terraform",
            "dns_label": "vcnterraform",
            "freeform_tags": {
              "module": "oracle-terraform-modules/vcn/oci",
              "terraformed": "Please do not edit manually"
            },
            "id": "ocid1.vcn.oc1.sa-vinhedo-1.amaaaaaatoavucyajcunnt3g4r4agmenfldzfyvw5yqqfniyaboj3diyfwlq",
            "ipv6cidr_blocks": [],
            "ipv6private_cidr_blocks": [],
            "is_ipv6enabled": false,
            "is_oracle_gua_allocation_enabled": null,
            "state": "AVAILABLE",
            "time_created": "2023-05-17 02:29:20.581 +0000 UTC",
            "timeouts": null,
            "vcn_domain_name": "vcnterraform.oraclevcn.com"
          },
          "sensitive_attributes": [],
          "private": "eyJlMmJmYjczMC1lY2FhLTExZTYtOGY4OC0zNDM2M2JjN2M0YzAiOnsiY3JlYXRlIjoxMjAwMDAwMDAwMDAwLCJkZWxldGUiOjEyMDAwMDAwMDAwMDAsInVwZGF0ZSI6MTIwMDAwMDAwMDAwMH19"
        }
      ]
    }
  ],
  "check_results": null
}
